
Microsoft Visual Studio Solution File, Format Version 12.00
# Visual Studio 16
Project("{FAE04EC0-301F-11D3-BF4B-00C04F79EFBC}") = "Assembly-CSharp", "Assembly-CSharp.csproj", "{B7A97A53-12AD-1739-33D3-DDF999A8A580}"
EndProject
Project("{FAE04EC0-301F-11D3-BF4B-00C04F79EFBC}") = "Assembly-CSharp-Editor", "Assembly-CSharp-Editor.csproj", "{4436D91B-64C2-D2E4-6CB4-15A499AA1DF3}"
EndProject
Global
	GlobalSection(SolutionConfigurationPlatforms) = preSolution
		Debug|Any CPU = Debug|Any CPU
		Release|Any CPU = Release|Any CPU
	EndGlobalSection
	GlobalSection(ProjectConfigurationPlatforms) = postSolution
		{B7A97A53-12AD-1739-33D3-DDF999A8A580}.Debug|Any CPU.ActiveCfg = Debug|Any CPU
		{B7A97A53-12AD-1739-33D3-DDF999A8A580}.Debug|Any CPU.Build.0 = Debug|Any CPU
		{B7A97A53-12AD-1739-33D3-DDF999A8A580}.Release|Any CPU.ActiveCfg = Release|Any CPU
		{B7A97A53-12AD-1739-33D3-DDF999A8A580}.Release|Any CPU.Build.0 = Release|Any CPU
		{4436D91B-64C2-D2E4-6CB4-15A499AA1DF3}.Debug|Any CPU.ActiveCfg = Debug|Any CPU
		{4436D91B-64C2-D2E4-6CB4-15A499AA1DF3}.Debug|Any CPU.Build.0 = Debug|Any CPU
		{4436D91B-64C2-D2E4-6CB4-15A499AA1DF3}.Release|Any CPU.ActiveCfg = Release|Any CPU
		{4436D91B-64C2-D2E4-6CB4-15A499AA1DF3}.Release|Any CPU.Build.0 = Release|Any CPU
	EndGlobalSection
	GlobalSection(SolutionProperties) = preSolution
		HideSolutionNode = FALSE
	EndGlobalSection
EndGlobal
